
Microsoft Visual Studio Solution File, Format Version 12.00
# Visual Studio Version 16
VisualStudioVersion = 16.0.31402.337
MinimumVisualStudioVersion = 10.0.40219.1
Project("{FAE04EC0-301F-11D3-BF4B-00C04F79EFBC}") = "WpfHW1", "WpfHW1\WpfHW1.csproj", "{C5F7CB70-CEF4-4525-AFBB-304177D3AC7E}"
EndProject
Global
	GlobalSection(SolutionConfigurationPlatforms) = preSolution
		Debug|Any CPU = Debug|Any CPU
		Release|Any CPU = Release|Any CPU
	EndGlobalSection
	GlobalSection(ProjectConfigurationPlatforms) = postSolution
		{C5F7CB70-CEF4-4525-AFBB-304177D3AC7E}.Debug|Any CPU.ActiveCfg = Debug|Any CPU
		{C5F7CB70-CEF4-4525-AFBB-304177D3AC7E}.Debug|Any CPU.Build.0 = Debug|Any CPU
		{C5F7CB70-CEF4-4525-AFBB-304177D3AC7E}.Release|Any CPU.ActiveCfg = Release|Any CPU
		{C5F7CB70-CEF4-4525-AFBB-304177D3AC7E}.Release|Any CPU.Build.0 = Release|Any CPU
	EndGlobalSection
	GlobalSection(SolutionProperties) = preSolution
		HideSolutionNode = FALSE
	EndGlobalSection
	GlobalSection(ExtensibilityGlobals) = postSolution
		SolutionGuid = {92462458-1BC0-459C-9C00-068CC25A5D42}
	EndGlobalSection
EndGlobal
